
Microsoft Visual Studio Solution File, Format Version 11.00
# Visual Studio 2010
Project("{8BC9CEB8-8B4A-11D0-8D11-00A0C91BC942}") = "RoadImage", "RoadImage\RoadImage.vcxproj", "{21BE4F7F-3711-4F89-9AB9-A3E08C20CA59}"
EndProject
Global
	GlobalSection(SolutionConfigurationPlatforms) = preSolution
		Debug|Win32 = Debug|Win32
		Debug|x64 = Debug|x64
		Release|Win32 = Release|Win32
		Release|x64 = Release|x64
	EndGlobalSection
	GlobalSection(ProjectConfigurationPlatforms) = postSolution
		{21BE4F7F-3711-4F89-9AB9-A3E08C20CA59}.Debug|Win32.ActiveCfg = Debug|Win32
		{21BE4F7F-3711-4F89-9AB9-A3E08C20CA59}.Debug|Win32.Build.0 = Debug|Win32
		{21BE4F7F-3711-4F89-9AB9-A3E08C20CA59}.Debug|x64.ActiveCfg = Debug|x64
		{21BE4F7F-3711-4F89-9AB9-A3E08C20CA59}.Debug|x64.Build.0 = Debug|x64
		{21BE4F7F-3711-4F89-9AB9-A3E08C20CA59}.Release|Win32.ActiveCfg = Release|Win32
		{21BE4F7F-3711-4F89-9AB9-A3E08C20CA59}.Release|Win32.Build.0 = Release|Win32
		{21BE4F7F-3711-4F89-9AB9-A3E08C20CA59}.Release|x64.ActiveCfg = Release|x64
		{21BE4F7F-3711-4F89-9AB9-A3E08C20CA59}.Release|x64.Build.0 = Release|x64
	EndGlobalSection
	GlobalSection(SolutionProperties) = preSolution
		HideSolutionNode = FALSE
	EndGlobalSection
EndGlobal
