<?xml version="1.0" encoding="utf-8"?>
<Project ToolsVersion="4.0" xmlns="http://schemas.microsoft.com/developer/msbuild/2003">
  <ItemGroup>
    <Filter Include="Source Files">
      <UniqueIdentifier>{4FC737F1-C7A5-4376-A066-2A32D752A2FF}</UniqueIdentifier>
      <Extensions>cpp;c;cc;cxx;def;odl;idl;hpj;bat;asm;asmx</Extensions>
    </Filter>
    <Filter Include="Header Files">
      <UniqueIdentifier>{93995380-89BD-4b04-88EB-625FBE52EBFB}</UniqueIdentifier>
      <Extensions>h;hpp;hxx;hm;inl;inc;xsd</Extensions>
    </Filter>
    <Filter Include="Resource Files">
      <UniqueIdentifier>{67DA6AB6-F800-4c08-8B7A-83BB121AAD01}</UniqueIdentifier>
      <Extensions>rc;ico;cur;bmp;dlg;rc2;rct;bin;rgs;gif;jpg;jpeg;jpe;resx;tiff;tif;png;wav;mfcribbon-ms</Extensions>
    </Filter>
    <Filter Include="mylib">
      <UniqueIdentifier>{15253de4-12c5-4c50-891f-23939d48dbcb}</UniqueIdentifier>
    </Filter>
    <Filter Include="mylib\common">
      <UniqueIdentifier>{b8a9f187-4809-4b3f-8c74-0177527e6472}</UniqueIdentifier>
    </Filter>
    <Filter Include="mylib\road">
      <UniqueIdentifier>{5bb25612-ec73-49e4-b3cf-d4543b58ca48}</UniqueIdentifier>
    </Filter>
  </ItemGroup>
  <ItemGroup>
    <ClCompile Include="main.cpp">
      <Filter>Source Files</Filter>
    </ClCompile>
    <ClCompile Include="..\..\mylib\common\BBox.cpp">
      <Filter>mylib\common</Filter>
    </ClCompile>
    <ClCompile Include="..\..\mylib\common\Polygon2D.cpp">
      <Filter>mylib\common</Filter>
    </ClCompile>
    <ClCompile Include="..\..\mylib\common\Util.cpp">
      <Filter>mylib\common</Filter>
    </ClCompile>
    <ClCompile Include="..\..\mylib\road\GraphUtil.cpp">
      <Filter>mylib\road</Filter>
    </ClCompile>
    <ClCompile Include="..\..\mylib\road\RoadEdge.cpp">
      <Filter>mylib\road</Filter>
    </ClCompile>
    <ClCompile Include="..\..\mylib\road\RoadGraph.cpp">
      <Filter>mylib\road</Filter>
    </ClCompile>
    <ClCompile Include="..\..\mylib\road\RoadVertex.cpp">
      <Filter>mylib\road</Filter>
    </ClCompile>
    <ClCompile Include="..\..\mylib\common\Renderable.cpp">
      <Filter>mylib\common</Filter>
    </ClCompile>
  </ItemGroup>
  <ItemGroup>
    <ClInclude Include="..\..\mylib\common\BBox.h">
      <Filter>mylib\common</Filter>
    </ClInclude>
    <ClInclude Include="..\..\mylib\common\common.h">
      <Filter>mylib\common</Filter>
    </ClInclude>
    <ClInclude Include="..\..\mylib\common\Polygon2D.h">
      <Filter>mylib\common</Filter>
    </ClInclude>
    <ClInclude Include="..\..\mylib\common\Util.h">
      <Filter>mylib\common</Filter>
    </ClInclude>
    <ClInclude Include="..\..\mylib\road\GraphUtil.h">
      <Filter>mylib\road</Filter>
    </ClInclude>
    <ClInclude Include="..\..\mylib\road\RoadEdge.h">
      <Filter>mylib\road</Filter>
    </ClInclude>
    <ClInclude Include="..\..\mylib\road\RoadGraph.h">
      <Filter>mylib\road</Filter>
    </ClInclude>
    <ClInclude Include="..\..\mylib\road\RoadVertex.h">
      <Filter>mylib\road</Filter>
    </ClInclude>
    <ClInclude Include="..\..\mylib\common\Renderable.h">
      <Filter>mylib\common</Filter>
    </ClInclude>
  </ItemGroup>
</Project>